[root]
name = "server"
version = "0.0.1"
dependencies = [
 "bodyparser 0.0.1 (registry+https://github.com/rust-lang/crates.io-index)",
 "iron 0.0.7 (registry+https://github.com/rust-lang/crates.io-index)",
 "redis 0.0.3 (registry+https://github.com/rust-lang/crates.io-index)",
 "router 0.0.2 (registry+https://github.com/rust-lang/crates.io-index)",
 "urlencoded 0.1.0 (git+file:///home/chang/src/rust/urlencoded)",
]

[[package]]
name = "bodyparser"
version = "0.0.1"
source = "registry+https://github.com/rust-lang/crates.io-index"
dependencies = [
 "iron 0.0.7 (registry+https://github.com/rust-lang/crates.io-index)",
]

[[package]]
name = "cookie"
version = "0.1.0"
source = "registry+https://github.com/rust-lang/crates.io-index"
dependencies = [
 "openssl 0.2.2 (registry+https://github.com/rust-lang/crates.io-index)",
 "time 0.1.1 (registry+https://github.com/rust-lang/crates.io-index)",
 "url 0.2.2 (registry+https://github.com/rust-lang/crates.io-index)",
]

[[package]]
name = "error"
version = "0.0.2"
source = "registry+https://github.com/rust-lang/crates.io-index"
dependencies = [
 "typeable 0.0.3 (registry+https://github.com/rust-lang/crates.io-index)",
]

[[package]]
name = "gcc"
version = "0.1.0"
source = "registry+https://github.com/rust-lang/crates.io-index"

[[package]]
name = "hyper"
version = "0.0.10"
source = "registry+https://github.com/rust-lang/crates.io-index"
dependencies = [
 "cookie 0.1.0 (registry+https://github.com/rust-lang/crates.io-index)",
 "mime 0.0.1 (registry+https://github.com/rust-lang/crates.io-index)",
 "mucell 0.1.2 (registry+https://github.com/rust-lang/crates.io-index)",
 "openssl 0.2.2 (registry+https://github.com/rust-lang/crates.io-index)",
 "time 0.1.1 (registry+https://github.com/rust-lang/crates.io-index)",
 "typeable 0.0.3 (registry+https://github.com/rust-lang/crates.io-index)",
 "unsafe-any 0.1.1 (registry+https://github.com/rust-lang/crates.io-index)",
 "url 0.2.2 (registry+https://github.com/rust-lang/crates.io-index)",
]

[[package]]
name = "iron"
version = "0.0.7"
source = "registry+https://github.com/rust-lang/crates.io-index"
dependencies = [
 "error 0.0.2 (registry+https://github.com/rust-lang/crates.io-index)",
 "hyper 0.0.10 (registry+https://github.com/rust-lang/crates.io-index)",
 "modifier 0.0.3 (registry+https://github.com/rust-lang/crates.io-index)",
 "plugin 0.0.1 (registry+https://github.com/rust-lang/crates.io-index)",
 "typemap 0.0.4 (registry+https://github.com/rust-lang/crates.io-index)",
 "url 0.2.2 (registry+https://github.com/rust-lang/crates.io-index)",
]

[[package]]
name = "mime"
version = "0.0.1"
source = "registry+https://github.com/rust-lang/crates.io-index"

[[package]]
name = "modifier"
version = "0.0.3"
source = "registry+https://github.com/rust-lang/crates.io-index"

[[package]]
name = "mucell"
version = "0.1.2"
source = "registry+https://github.com/rust-lang/crates.io-index"

[[package]]
name = "openssl"
version = "0.2.2"
source = "registry+https://github.com/rust-lang/crates.io-index"
dependencies = [
 "openssl-sys 0.2.2 (registry+https://github.com/rust-lang/crates.io-index)",
]

[[package]]
name = "openssl-sys"
version = "0.2.2"
source = "registry+https://github.com/rust-lang/crates.io-index"
dependencies = [
 "pkg-config 0.1.0 (registry+https://github.com/rust-lang/crates.io-index)",
]

[[package]]
name = "phantom"
version = "0.0.2"
source = "registry+https://github.com/rust-lang/crates.io-index"

[[package]]
name = "pkg-config"
version = "0.1.0"
source = "registry+https://github.com/rust-lang/crates.io-index"

[[package]]
name = "plugin"
version = "0.0.1"
source = "registry+https://github.com/rust-lang/crates.io-index"
dependencies = [
 "phantom 0.0.2 (registry+https://github.com/rust-lang/crates.io-index)",
 "typemap 0.0.4 (registry+https://github.com/rust-lang/crates.io-index)",
]

[[package]]
name = "redis"
version = "0.0.3"
source = "registry+https://github.com/rust-lang/crates.io-index"
dependencies = [
 "sha1 0.0.3 (registry+https://github.com/rust-lang/crates.io-index)",
 "url 0.2.2 (registry+https://github.com/rust-lang/crates.io-index)",
]

[[package]]
name = "route-recognizer"
version = "0.1.1"
source = "registry+https://github.com/rust-lang/crates.io-index"

[[package]]
name = "router"
version = "0.0.2"
source = "registry+https://github.com/rust-lang/crates.io-index"
dependencies = [
 "iron 0.0.7 (registry+https://github.com/rust-lang/crates.io-index)",
 "route-recognizer 0.1.1 (registry+https://github.com/rust-lang/crates.io-index)",
]

[[package]]
name = "sha1"
version = "0.0.3"
source = "registry+https://github.com/rust-lang/crates.io-index"

[[package]]
name = "time"
version = "0.1.1"
source = "registry+https://github.com/rust-lang/crates.io-index"
dependencies = [
 "gcc 0.1.0 (registry+https://github.com/rust-lang/crates.io-index)",
]

[[package]]
name = "typeable"
version = "0.0.3"
source = "registry+https://github.com/rust-lang/crates.io-index"

[[package]]
name = "typemap"
version = "0.0.4"
source = "registry+https://github.com/rust-lang/crates.io-index"
dependencies = [
 "phantom 0.0.2 (registry+https://github.com/rust-lang/crates.io-index)",
 "unsafe-any 0.1.1 (registry+https://github.com/rust-lang/crates.io-index)",
]

[[package]]
name = "unsafe-any"
version = "0.1.1"
source = "registry+https://github.com/rust-lang/crates.io-index"

[[package]]
name = "url"
version = "0.2.2"
source = "registry+https://github.com/rust-lang/crates.io-index"

[[package]]
name = "urlencoded"
version = "0.1.0"
source = "git+file:///home/chang/src/rust/urlencoded#09018f5807ee42602b1c01189db8cc31d06adf93"
dependencies = [
 "iron 0.0.7 (registry+https://github.com/rust-lang/crates.io-index)",
 "plugin 0.0.1 (registry+https://github.com/rust-lang/crates.io-index)",
 "typemap 0.0.4 (registry+https://github.com/rust-lang/crates.io-index)",
 "url 0.2.2 (registry+https://github.com/rust-lang/crates.io-index)",
]

